PODS:
  - Flutter (1.0.0)
  - flutter_incall_manager (0.0.1):
    - Flutter

DEPENDENCIES:
  - Flutter (from `Pods/.symlinks/flutter/ios`)
  - flutter_incall_manager (from `Pods/.symlinks/plugins/flutter_incall_manager/ios`)

EXTERNAL SOURCES:
  Flutter:
    :path: Pods/.symlinks/flutter/ios
  flutter_incall_manager:
    :path: Pods/.symlinks/plugins/flutter_incall_manager/ios

SPEC CHECKSUMS:
  Flutter: 0e3d915762c693b495b44d77113d4970485de6ec
  flutter_incall_manager: 1a6aea8d37fb46d63aaa30ac7ea225e121704eab

PODFILE CHECKSUM: 13dcf421f4da2e937a57e8ba760ed880beae536f

COCOAPODS: 1.9.1
